
Microsoft Visual Studio Solution File, Format Version 12.00
# Visual Studio 15
VisualStudioVersion = 15.0.28307.271
MinimumVisualStudioVersion = 10.0.40219.1
Project("{FAE04EC0-301F-11D3-BF4B-00C04F79EFBC}") = "Hello_name", "Hello_name\Hello_name.csproj", "{79C50CDB-7782-4382-8515-91A22774A81D}"
EndProject
Global
	GlobalSection(SolutionConfigurationPlatforms) = preSolution
		Debug|Any CPU = Debug|Any CPU
		Release|Any CPU = Release|Any CPU
	EndGlobalSection
	GlobalSection(ProjectConfigurationPlatforms) = postSolution
		{79C50CDB-7782-4382-8515-91A22774A81D}.Debug|Any CPU.ActiveCfg = Debug|Any CPU
		{79C50CDB-7782-4382-8515-91A22774A81D}.Debug|Any CPU.Build.0 = Debug|Any CPU
		{79C50CDB-7782-4382-8515-91A22774A81D}.Release|Any CPU.ActiveCfg = Release|Any CPU
		{79C50CDB-7782-4382-8515-91A22774A81D}.Release|Any CPU.Build.0 = Release|Any CPU
	EndGlobalSection
	GlobalSection(SolutionProperties) = preSolution
		HideSolutionNode = FALSE
	EndGlobalSection
	GlobalSection(ExtensibilityGlobals) = postSolution
		SolutionGuid = {B33B4AB0-D38D-4031-BEB3-C921EFBF0F79}
	EndGlobalSection
EndGlobal
